github.com/mdw-aoc/inputs v1.10.0 h1:JREyDKYsSVNkK8ZnbLgsWtuNoMFiwCiqkKpxeHqeVnw=
github.com/mdw-aoc/inputs v1.10.0/go.mod h1:2s6zbRNn4kH1plboh7Z0Iu3kczz2qOZfdArzlWSpTuk=
github.com/mdw-go/funcy v1.13.0 h1:HHlf+JO/1GvbH6DLtt+QPanf9jHv4nlX9aRE0fteqkE=
github.com/mdw-go/funcy v1.13.0/go.mod h1:pEMFKhuAq1u6bbXZtw3xskHru4YfabK/Rv9U0UgwAos=
github.com/mdw-go/must v1.4.0 h1:rxXhHkmDAsM9iq86V8+jFUNtPHW+CbL5glMrTa8Os/M=
github.com/mdw-go/must v1.4.0/go.mod h1:egFwsdnV884XLvyCRH1qZ922IpuuemotO7ej0zEkcyM=
github.com/mdw-go/set v1.1.0 h1:/p7kL1Skibx9gp8RQwZ740A0gbhVqJbVHJMqgl5sqY8=
github.com/mdw-go/set v1.1.0/go.mod h1:3lhn+YaNQVLT8xSZmPTpPpUIlS3LyaxyRUHvexnvaqc=
github.com/mdw-go/testing v1.5.0 h1:o7uprSvVM61lSpnLOKNJ/joFq7zCvm7kwAJ948exV2o=
github.com/mdw-go/testing v1.5.0/go.mod h1:PpDrOp7WpQjh7nREEh8v0d7DZDA4Y/ffLEh/ixCGLlY=
